
Microsoft Visual Studio Solution File, Format Version 12.00
# Visual Studio Version 17
VisualStudioVersion = 17.7.34009.444
MinimumVisualStudioVersion = 10.0.40219.1
Project("{FAE04EC0-301F-11D3-BF4B-00C04F79EFBC}") = "HelloOpenTK", "HelloOpenTK\HelloOpenTK.csproj", "{00E1B51D-B7D0-4030-8A93-1C8650A1A171}"
EndProject
Global
	GlobalSection(SolutionConfigurationPlatforms) = preSolution
		Debug|Any CPU = Debug|Any CPU
		Release|Any CPU = Release|Any CPU
	EndGlobalSection
	GlobalSection(ProjectConfigurationPlatforms) = postSolution
		{00E1B51D-B7D0-4030-8A93-1C8650A1A171}.Debug|Any CPU.ActiveCfg = Debug|Any CPU
		{00E1B51D-B7D0-4030-8A93-1C8650A1A171}.Debug|Any CPU.Build.0 = Debug|Any CPU
		{00E1B51D-B7D0-4030-8A93-1C8650A1A171}.Release|Any CPU.ActiveCfg = Release|Any CPU
		{00E1B51D-B7D0-4030-8A93-1C8650A1A171}.Release|Any CPU.Build.0 = Release|Any CPU
	EndGlobalSection
	GlobalSection(SolutionProperties) = preSolution
		HideSolutionNode = FALSE
	EndGlobalSection
	GlobalSection(ExtensibilityGlobals) = postSolution
		SolutionGuid = {09BBA6AF-D934-4B2F-8455-AAC6A4F89ED2}
	EndGlobalSection
EndGlobal
